version: 2.0
shards:
  blueprint:
    git: https://github.com/stephannv/blueprint.git
    version: 0.8.0

  crowsa:
    path: ../..
    version: 0.0.3

  crymagick:
    git: https://github.com/imdrasil/crymagick.git
    version: 0.2.3

  webview:
    git: https://github.com/naqvis/webview.git
    version: 0.2.3

